
Microsoft Visual Studio Solution File, Format Version 12.00
# Visual Studio Version 16
VisualStudioVersion = 16.0.31624.102
MinimumVisualStudioVersion = 10.0.40219.1
Project("{FAE04EC0-301F-11D3-BF4B-00C04F79EFBC}") = "web4", "web4\web4.csproj", "{830ECA30-8BF8-45C3-BE12-C42A7AB74B22}"
EndProject
Global
	GlobalSection(SolutionConfigurationPlatforms) = preSolution
		Debug|Any CPU = Debug|Any CPU
		Release|Any CPU = Release|Any CPU
	EndGlobalSection
	GlobalSection(ProjectConfigurationPlatforms) = postSolution
		{830ECA30-8BF8-45C3-BE12-C42A7AB74B22}.Debug|Any CPU.ActiveCfg = Debug|Any CPU
		{830ECA30-8BF8-45C3-BE12-C42A7AB74B22}.Debug|Any CPU.Build.0 = Debug|Any CPU
		{830ECA30-8BF8-45C3-BE12-C42A7AB74B22}.Release|Any CPU.ActiveCfg = Release|Any CPU
		{830ECA30-8BF8-45C3-BE12-C42A7AB74B22}.Release|Any CPU.Build.0 = Release|Any CPU
	EndGlobalSection
	GlobalSection(SolutionProperties) = preSolution
		HideSolutionNode = FALSE
	EndGlobalSection
	GlobalSection(ExtensibilityGlobals) = postSolution
		SolutionGuid = {26342F3E-C16B-4DCB-B446-0731DC6C21F0}
	EndGlobalSection
EndGlobal
